
Microsoft Visual Studio Solution File, Format Version 12.00
# Visual Studio Version 17
VisualStudioVersion = 17.14.36203.30 d17.14
MinimumVisualStudioVersion = 10.0.40219.1
Project("{FAE04EC0-301F-11D3-BF4B-00C04F79EFBC}") = "FilterService", "FilterService.csproj", "{C47A0BB3-2108-4561-B7D1-1B6E23AD40BD}"
EndProject
Global
	GlobalSection(SolutionConfigurationPlatforms) = preSolution
		Debug|Any CPU = Debug|Any CPU
		Release|Any CPU = Release|Any CPU
	EndGlobalSection
	GlobalSection(ProjectConfigurationPlatforms) = postSolution
		{C47A0BB3-2108-4561-B7D1-1B6E23AD40BD}.Debug|Any CPU.ActiveCfg = Debug|Any CPU
		{C47A0BB3-2108-4561-B7D1-1B6E23AD40BD}.Debug|Any CPU.Build.0 = Debug|Any CPU
		{C47A0BB3-2108-4561-B7D1-1B6E23AD40BD}.Release|Any CPU.ActiveCfg = Release|Any CPU
		{C47A0BB3-2108-4561-B7D1-1B6E23AD40BD}.Release|Any CPU.Build.0 = Release|Any CPU
	EndGlobalSection
	GlobalSection(SolutionProperties) = preSolution
		HideSolutionNode = FALSE
	EndGlobalSection
	GlobalSection(ExtensibilityGlobals) = postSolution
		SolutionGuid = {70059BE0-1B81-409E-9F0D-033703748C70}
	EndGlobalSection
EndGlobal
